// !$*UTF8*$!
{
	archiveVersion = 1;
	classes = {
	};
	objectVersion = 77;
	objects = {

/* Begin PBXBuildFile section */
		062C915AA5C257999580BC6C /* ACController.swift in Sources */ = {isa = PBXBuildFile; fileRef = E15AF54B196757D7B16A67AB /* ACController.swift */; };
		07584D23712637F83C23A947 /* TapoControllerTests.swift in Sources */ = {isa = PBXBuildFile; fileRef = 4025C022E01A2F359E7B3F0C /* TapoControllerTests.swift */; };
		0A3F807C07C167B2B39E3761 /* Models.swift in Sources */ = {isa = PBXBuildFile; fileRef = 95A16FAEFA690B374A066998 /* Models.swift */; };
		113BD7F9DA76D2E2B54A1F2C /* ModelAndConfigTests.swift in Sources */ = {isa = PBXBuildFile; fileRef = E95B9878E813CC65A62B7A19 /* ModelAndConfigTests.swift */; };
		23C076E68AFAE75D886DBC16 /* MockSensiboClient.swift in Sources */ = {isa = PBXBuildFile; fileRef = E5F09FE865495208C5BBD3F3 /* MockSensiboClient.swift */; };
		26E2C1188AAB46B9081B8AF3 /* ACController.swift in Sources */ = {isa = PBXBuildFile; fileRef = E15AF54B196757D7B16A67AB /* ACController.swift */; };
		272506CB26BDD2572ED9A9DC /* BackoffPolicyTests.swift in Sources */ = {isa = PBXBuildFile; fileRef = E12B69D07557FF38F9593772 /* BackoffPolicyTests.swift */; };
		2C1C2A83B688CD622C429ADA /* BedroomOneWidgetExtension.appex in Embed Foundation Extensions */ = {isa = PBXBuildFile; fileRef = 7BC60115427DB1C1100D9F4B /* BedroomOneWidgetExtension.appex */; settings = {ATTRIBUTES = (RemoveHeadersOnCopy, ); }; };
		354F88D9B0AE28DBFB9536E2 /* BedroomOneWidget.swift in Sources */ = {isa = PBXBuildFile; fileRef = 84973581A0D8A5A08D0112C8 /* BedroomOneWidget.swift */; };
		41C50A4F7F037D83894BA68C /* TapoLiveIntegrationTests.swift in Sources */ = {isa = PBXBuildFile; fileRef = 75C216405F0A80920BDE5756 /* TapoLiveIntegrationTests.swift */; };
		46CCBBC88FB10D23ECD92CB0 /* TapoClient.swift in Sources */ = {isa = PBXBuildFile; fileRef = BB474D60B1074A87BC66041B /* TapoClient.swift */; };
		54825B491EE10F9E2F6587D8 /* SensiboMenuBarView.swift in Sources */ = {isa = PBXBuildFile; fileRef = A5221F11E5390D29D829629D /* SensiboMenuBarView.swift */; };
		5E52D422621BCB1475CC8A6D /* SensiboIntegrationTests.swift in Sources */ = {isa = PBXBuildFile; fileRef = 72D9FEEAEB70E7B51D520C11 /* SensiboIntegrationTests.swift */; };
		62D7E8E962D8F1E3C75E1070 /* SensiboUITests.swift in Sources */ = {isa = PBXBuildFile; fileRef = FEE2F377FB308698C84C75F6 /* SensiboUITests.swift */; };
		7A1C16428B5D66B2EBB573C7 /* SensiboClient.swift in Sources */ = {isa = PBXBuildFile; fileRef = 45B582D470FBB330F717BEEF /* SensiboClient.swift */; };
		7ACBA74B7990109852732E80 /* TapoController.swift in Sources */ = {isa = PBXBuildFile; fileRef = 7E88F3ADF0E3090282F55E05 /* TapoController.swift */; };
		7DA00822695C9AA0FA9079EF /* TapoCryptoTests.swift in Sources */ = {isa = PBXBuildFile; fileRef = 34ADE80A300588A2F0300D39 /* TapoCryptoTests.swift */; };
		8D16B8E4696737AC350CAD65 /* SensiboClient.swift in Sources */ = {isa = PBXBuildFile; fileRef = 45B582D470FBB330F717BEEF /* SensiboClient.swift */; };
		914739C4B0953FD2AE3DAF2E /* BedroomOneWidgetSupport.swift in Sources */ = {isa = PBXBuildFile; fileRef = 6346A4A39E782748819A9E30 /* BedroomOneWidgetSupport.swift */; };
		95D76C2372C5E67605CA1923 /* TapoCrypto.swift in Sources */ = {isa = PBXBuildFile; fileRef = 1A3B2E11CB1A29BBAD8250A6 /* TapoCrypto.swift */; };
		A4143D525F12E4085814CD63 /* Assets.xcassets in Resources */ = {isa = PBXBuildFile; fileRef = 24EB4E8512E48BB03EDDE89A /* Assets.xcassets */; };
		A73F81BE3E9639AD65980645 /* local.config.json in Resources */ = {isa = PBXBuildFile; fileRef = 13CB4B19F3F8B99217847340 /* local.config.json */; };
		B20CEB3843EC07E3F1CAE8D4 /* Models.swift in Sources */ = {isa = PBXBuildFile; fileRef = 95A16FAEFA690B374A066998 /* Models.swift */; };
		C1A1BEFE607E4E382F464477 /* SensiboMenuBarApp.swift in Sources */ = {isa = PBXBuildFile; fileRef = E175D9E35B3FB6BAFF6CBD5B /* SensiboMenuBarApp.swift */; };
		CFCCB89FA98766D44E03C264 /* Config.swift in Sources */ = {isa = PBXBuildFile; fileRef = 1395B93A7E84334548E74AB6 /* Config.swift */; };
		D02E795226EBBA971569B8D9 /* ContentView.swift in Sources */ = {isa = PBXBuildFile; fileRef = E693F93B57959CA1C4601B9C /* ContentView.swift */; };
		D14E43BB936D85247A26794B /* local.config.json in Resources */ = {isa = PBXBuildFile; fileRef = 13CB4B19F3F8B99217847340 /* local.config.json */; };
		D7E8532EC437FBBC6153DA21 /* local.config.json in Resources */ = {isa = PBXBuildFile; fileRef = 13CB4B19F3F8B99217847340 /* local.config.json */; };
		EF01BA3CB9F0AC95610879A0 /* SensiboToggleApp.swift in Sources */ = {isa = PBXBuildFile; fileRef = E42BD04DC4E867FB3F6DB8CB /* SensiboToggleApp.swift */; };
		EFB86685ADB6E43E01AD6DED /* Config.swift in Sources */ = {isa = PBXBuildFile; fileRef = 1395B93A7E84334548E74AB6 /* Config.swift */; };
		F18A0865AEEC544480FED73C /* ControllerTests.swift in Sources */ = {isa = PBXBuildFile; fileRef = 631CD0FDFC7ABB1E8DA27F97 /* ControllerTests.swift */; };
		F6F1231613BA76FB2026B41A /* MockSensiboClient.swift in Sources */ = {isa = PBXBuildFile; fileRef = E5F09FE865495208C5BBD3F3 /* MockSensiboClient.swift */; };
		F731943950D8E9CF1A2A4595 /* BedroomOneWidgetSupport.swift in Sources */ = {isa = PBXBuildFile; fileRef = 6346A4A39E782748819A9E30 /* BedroomOneWidgetSupport.swift */; };
		FB6076983D710A1840E9C4C3 /* local.config.json in Resources */ = {isa = PBXBuildFile; fileRef = 13CB4B19F3F8B99217847340 /* local.config.json */; };
/* End PBXBuildFile section */

/* Begin PBXContainerItemProxy section */
		3B8863821996ECC3B14196C1 /* PBXContainerItemProxy */ = {
			isa = PBXContainerItemProxy;
			containerPortal = 1811F3BB5426B480EC7FC94F /* Project object */;
			proxyType = 1;
			remoteGlobalIDString = E34BAB9C6E3051B15C587F2C;
			remoteInfo = BedroomOneWidgetExtension;
		};
		48637E7C3C081F945AB8EC04 /* PBXContainerItemProxy */ = {
			isa = PBXContainerItemProxy;
			containerPortal = 1811F3BB5426B480EC7FC94F /* Project object */;
			proxyType = 1;
			remoteGlobalIDString = 1BE1C9AF2B7B6BE21858FA55;
			remoteInfo = SensiboToggle;
		};
		D6E07172C1D5B775202D1BD0 /* PBXContainerItemProxy */ = {
			isa = PBXContainerItemProxy;
			containerPortal = 1811F3BB5426B480EC7FC94F /* Project object */;
			proxyType = 1;
			remoteGlobalIDString = 1BE1C9AF2B7B6BE21858FA55;
			remoteInfo = SensiboToggle;
		};
/* End PBXContainerItemProxy section */

/* Begin PBXCopyFilesBuildPhase section */
		84C04C0DFDF7DB22C487611D /* Embed Foundation Extensions */ = {
			isa = PBXCopyFilesBuildPhase;
			buildActionMask = 2147483647;
			dstPath = "";
			dstSubfolderSpec = 13;
			files = (
				2C1C2A83B688CD622C429ADA /* BedroomOneWidgetExtension.appex in Embed Foundation Extensions */,
			);
			name = "Embed Foundation Extensions";
			runOnlyForDeploymentPostprocessing = 0;
		};
/* End PBXCopyFilesBuildPhase section */

/* Begin PBXFileReference section */
		1395B93A7E84334548E74AB6 /* Config.swift */ = {isa = PBXFileReference; lastKnownFileType = sourcecode.swift; path = Config.swift; sourceTree = "<group>"; };
		13CB4B19F3F8B99217847340 /* local.config.json */ = {isa = PBXFileReference; lastKnownFileType = text.json; path = local.config.json; sourceTree = "<group>"; };
		1718B11E445C1DE842B8B3F3 /* SensiboToggleMenuBar.app */ = {isa = PBXFileReference; explicitFileType = wrapper.application; includeInIndex = 0; path = SensiboToggleMenuBar.app; sourceTree = BUILT_PRODUCTS_DIR; };
		1A3B2E11CB1A29BBAD8250A6 /* TapoCrypto.swift */ = {isa = PBXFileReference; lastKnownFileType = sourcecode.swift; path = TapoCrypto.swift; sourceTree = "<group>"; };
		24EB4E8512E48BB03EDDE89A /* Assets.xcassets */ = {isa = PBXFileReference; lastKnownFileType = folder.assetcatalog; path = Assets.xcassets; sourceTree = "<group>"; };
		34ADE80A300588A2F0300D39 /* TapoCryptoTests.swift */ = {isa = PBXFileReference; lastKnownFileType = sourcecode.swift; path = TapoCryptoTests.swift; sourceTree = "<group>"; };
		4025C022E01A2F359E7B3F0C /* TapoControllerTests.swift */ = {isa = PBXFileReference; lastKnownFileType = sourcecode.swift; path = TapoControllerTests.swift; sourceTree = "<group>"; };
		45B582D470FBB330F717BEEF /* SensiboClient.swift */ = {isa = PBXFileReference; lastKnownFileType = sourcecode.swift; path = SensiboClient.swift; sourceTree = "<group>"; };
		631CD0FDFC7ABB1E8DA27F97 /* ControllerTests.swift */ = {isa = PBXFileReference; lastKnownFileType = sourcecode.swift; path = ControllerTests.swift; sourceTree = "<group>"; };
		6346A4A39E782748819A9E30 /* BedroomOneWidgetSupport.swift */ = {isa = PBXFileReference; lastKnownFileType = sourcecode.swift; path = BedroomOneWidgetSupport.swift; sourceTree = "<group>"; };
		72D9FEEAEB70E7B51D520C11 /* SensiboIntegrationTests.swift */ = {isa = PBXFileReference; lastKnownFileType = sourcecode.swift; path = SensiboIntegrationTests.swift; sourceTree = "<group>"; };
		75C216405F0A80920BDE5756 /* TapoLiveIntegrationTests.swift */ = {isa = PBXFileReference; lastKnownFileType = sourcecode.swift; path = TapoLiveIntegrationTests.swift; sourceTree = "<group>"; };
		7BC60115427DB1C1100D9F4B /* BedroomOneWidgetExtension.appex */ = {isa = PBXFileReference; includeInIndex = 0; lastKnownFileType = "wrapper.app-extension"; path = BedroomOneWidgetExtension.appex; sourceTree = BUILT_PRODUCTS_DIR; };
		7E88F3ADF0E3090282F55E05 /* TapoController.swift */ = {isa = PBXFileReference; lastKnownFileType = sourcecode.swift; path = TapoController.swift; sourceTree = "<group>"; };
		84973581A0D8A5A08D0112C8 /* BedroomOneWidget.swift */ = {isa = PBXFileReference; lastKnownFileType = sourcecode.swift; path = BedroomOneWidget.swift; sourceTree = "<group>"; };
		95A16FAEFA690B374A066998 /* Models.swift */ = {isa = PBXFileReference; lastKnownFileType = sourcecode.swift; path = Models.swift; sourceTree = "<group>"; };
		A5221F11E5390D29D829629D /* SensiboMenuBarView.swift */ = {isa = PBXFileReference; lastKnownFileType = sourcecode.swift; path = SensiboMenuBarView.swift; sourceTree = "<group>"; };
		BB474D60B1074A87BC66041B /* TapoClient.swift */ = {isa = PBXFileReference; lastKnownFileType = sourcecode.swift; path = TapoClient.swift; sourceTree = "<group>"; };
		BE19A2A7C377C191645A7970 /* SensiboToggle.app */ = {isa = PBXFileReference; includeInIndex = 0; lastKnownFileType = wrapper.application; path = SensiboToggle.app; sourceTree = BUILT_PRODUCTS_DIR; };
		C2D483D876E7898B6BA736B8 /* SensiboUITests.xctest */ = {isa = PBXFileReference; includeInIndex = 0; lastKnownFileType = wrapper.cfbundle; path = SensiboUITests.xctest; sourceTree = BUILT_PRODUCTS_DIR; };
		CD911F106829226C96E00717 /* SensiboTests.xctest */ = {isa = PBXFileReference; includeInIndex = 0; lastKnownFileType = wrapper.cfbundle; path = SensiboTests.xctest; sourceTree = BUILT_PRODUCTS_DIR; };
		E12B69D07557FF38F9593772 /* BackoffPolicyTests.swift */ = {isa = PBXFileReference; lastKnownFileType = sourcecode.swift; path = BackoffPolicyTests.swift; sourceTree = "<group>"; };
		E15AF54B196757D7B16A67AB /* ACController.swift */ = {isa = PBXFileReference; lastKnownFileType = sourcecode.swift; path = ACController.swift; sourceTree = "<group>"; };
		E175D9E35B3FB6BAFF6CBD5B /* SensiboMenuBarApp.swift */ = {isa = PBXFileReference; lastKnownFileType = sourcecode.swift; path = SensiboMenuBarApp.swift; sourceTree = "<group>"; };
		E42BD04DC4E867FB3F6DB8CB /* SensiboToggleApp.swift */ = {isa = PBXFileReference; lastKnownFileType = sourcecode.swift; path = SensiboToggleApp.swift; sourceTree = "<group>"; };
		E5F09FE865495208C5BBD3F3 /* MockSensiboClient.swift */ = {isa = PBXFileReference; lastKnownFileType = sourcecode.swift; path = MockSensiboClient.swift; sourceTree = "<group>"; };
		E693F93B57959CA1C4601B9C /* ContentView.swift */ = {isa = PBXFileReference; lastKnownFileType = sourcecode.swift; path = ContentView.swift; sourceTree = "<group>"; };
		E95B9878E813CC65A62B7A19 /* ModelAndConfigTests.swift */ = {isa = PBXFileReference; lastKnownFileType = sourcecode.swift; path = ModelAndConfigTests.swift; sourceTree = "<group>"; };
		FEE2F377FB308698C84C75F6 /* SensiboUITests.swift */ = {isa = PBXFileReference; lastKnownFileType = sourcecode.swift; path = SensiboUITests.swift; sourceTree = "<group>"; };
/* End PBXFileReference section */

/* Begin PBXGroup section */
		4DC5F7F6E8564FABE961A677 /* UI */ = {
			isa = PBXGroup;
			children = (
				FEE2F377FB308698C84C75F6 /* SensiboUITests.swift */,
			);
			path = UI;
			sourceTree = "<group>";
		};
		742FA3A66C3BA8B56ACB2D71 /* BedroomOneWidget */ = {
			isa = PBXGroup;
			children = (
				84973581A0D8A5A08D0112C8 /* BedroomOneWidget.swift */,
			);
			path = BedroomOneWidget;
			sourceTree = "<group>";
		};
		7AA6463CBB1400234CBF88D2 /* Tests */ = {
			isa = PBXGroup;
			children = (
				4DC5F7F6E8564FABE961A677 /* UI */,
				8C15FE10B4B51F0EA393F3AF /* Unit */,
			);
			path = Tests;
			sourceTree = "<group>";
		};
		8C15FE10B4B51F0EA393F3AF /* Unit */ = {
			isa = PBXGroup;
			children = (
				E12B69D07557FF38F9593772 /* BackoffPolicyTests.swift */,
				631CD0FDFC7ABB1E8DA27F97 /* ControllerTests.swift */,
				E95B9878E813CC65A62B7A19 /* ModelAndConfigTests.swift */,
				72D9FEEAEB70E7B51D520C11 /* SensiboIntegrationTests.swift */,
				4025C022E01A2F359E7B3F0C /* TapoControllerTests.swift */,
				34ADE80A300588A2F0300D39 /* TapoCryptoTests.swift */,
				75C216405F0A80920BDE5756 /* TapoLiveIntegrationTests.swift */,
			);
			path = Unit;
			sourceTree = "<group>";
		};
		A718A63E44273701AB23400A /* MenuBar */ = {
			isa = PBXGroup;
			children = (
				E175D9E35B3FB6BAFF6CBD5B /* SensiboMenuBarApp.swift */,
				A5221F11E5390D29D829629D /* SensiboMenuBarView.swift */,
			);
			path = MenuBar;
			sourceTree = "<group>";
		};
		AD1A54BC870F769AB2BC2DFA /* Sources */ = {
			isa = PBXGroup;
			children = (
				E15AF54B196757D7B16A67AB /* ACController.swift */,
				24EB4E8512E48BB03EDDE89A /* Assets.xcassets */,
				6346A4A39E782748819A9E30 /* BedroomOneWidgetSupport.swift */,
				1395B93A7E84334548E74AB6 /* Config.swift */,
				E693F93B57959CA1C4601B9C /* ContentView.swift */,
				E5F09FE865495208C5BBD3F3 /* MockSensiboClient.swift */,
				95A16FAEFA690B374A066998 /* Models.swift */,
				45B582D470FBB330F717BEEF /* SensiboClient.swift */,
				E42BD04DC4E867FB3F6DB8CB /* SensiboToggleApp.swift */,
				BB474D60B1074A87BC66041B /* TapoClient.swift */,
				7E88F3ADF0E3090282F55E05 /* TapoController.swift */,
				1A3B2E11CB1A29BBAD8250A6 /* TapoCrypto.swift */,
				A718A63E44273701AB23400A /* MenuBar */,
			);
			path = Sources;
			sourceTree = "<group>";
		};
		B3922BCE1C16AECFCD7B0B89 = {
			isa = PBXGroup;
			children = (
				742FA3A66C3BA8B56ACB2D71 /* BedroomOneWidget */,
				F5914A2798D2BA34F181271D /* config */,
				AD1A54BC870F769AB2BC2DFA /* Sources */,
				7AA6463CBB1400234CBF88D2 /* Tests */,
				C641ACB6F68A0B08E7F40B94 /* Products */,
			);
			sourceTree = "<group>";
		};
		C641ACB6F68A0B08E7F40B94 /* Products */ = {
			isa = PBXGroup;
			children = (
				7BC60115427DB1C1100D9F4B /* BedroomOneWidgetExtension.appex */,
				CD911F106829226C96E00717 /* SensiboTests.xctest */,
				BE19A2A7C377C191645A7970 /* SensiboToggle.app */,
				1718B11E445C1DE842B8B3F3 /* SensiboToggleMenuBar.app */,
				C2D483D876E7898B6BA736B8 /* SensiboUITests.xctest */,
			);
			name = Products;
			sourceTree = "<group>";
		};
		F5914A2798D2BA34F181271D /* config */ = {
			isa = PBXGroup;
			children = (
				13CB4B19F3F8B99217847340 /* local.config.json */,
			);
			path = config;
			sourceTree = "<group>";
		};
/* End PBXGroup section */

/* Begin PBXNativeTarget section */
		1BE1C9AF2B7B6BE21858FA55 /* SensiboToggle */ = {
			isa = PBXNativeTarget;
			buildConfigurationList = C887EBF1C7A114195092B3AD /* Build configuration list for PBXNativeTarget "SensiboToggle" */;
			buildPhases = (
				F0DF43B3B53814A5AE07D7C5 /* Sources */,
				989D6F2F7F7F0CFAC0A38F95 /* Resources */,
				84C04C0DFDF7DB22C487611D /* Embed Foundation Extensions */,
			);
			buildRules = (
			);
			dependencies = (
				CE90250CCF467F954EAC7B56 /* PBXTargetDependency */,
			);
			name = SensiboToggle;
			packageProductDependencies = (
			);
			productName = SensiboToggle;
			productReference = BE19A2A7C377C191645A7970 /* SensiboToggle.app */;
			productType = "com.apple.product-type.application";
		};
		5694A0B5900EBD5D30667DB1 /* SensiboUITests */ = {
			isa = PBXNativeTarget;
			buildConfigurationList = 8FF43887A4293B2AC9618F0E /* Build configuration list for PBXNativeTarget "SensiboUITests" */;
			buildPhases = (
				494BF0ED44D95F623051492D /* Sources */,
			);
			buildRules = (
			);
			dependencies = (
				AA97940D69353140A8DF4976 /* PBXTargetDependency */,
			);
			name = SensiboUITests;
			packageProductDependencies = (
			);
			productName = SensiboUITests;
			productReference = C2D483D876E7898B6BA736B8 /* SensiboUITests.xctest */;
			productType = "com.apple.product-type.bundle.ui-testing";
		};
		908623A0CF922B5B642A9BC5 /* SensiboToggleMenuBar */ = {
			isa = PBXNativeTarget;
			buildConfigurationList = A5CE46F4A60E1E790E033FA6 /* Build configuration list for PBXNativeTarget "SensiboToggleMenuBar" */;
			buildPhases = (
				5A811CAA8146A38FCBE0FA9B /* Sources */,
				E13332196275F8606F97973B /* Resources */,
			);
			buildRules = (
			);
			dependencies = (
			);
			name = SensiboToggleMenuBar;
			packageProductDependencies = (
			);
			productName = SensiboToggleMenuBar;
			productReference = 1718B11E445C1DE842B8B3F3 /* SensiboToggleMenuBar.app */;
			productType = "com.apple.product-type.application";
		};
		BDAC8E4C3AAF1F4BF57CA234 /* SensiboTests */ = {
			isa = PBXNativeTarget;
			buildConfigurationList = DE2DC286982D8A5C2E8AC876 /* Build configuration list for PBXNativeTarget "SensiboTests" */;
			buildPhases = (
				72156AC3E474A9D9F5AC909B /* Sources */,
				256744338094B22C6275048B /* Resources */,
			);
			buildRules = (
			);
			dependencies = (
				60EB7217465D9B9D2E6D0E3E /* PBXTargetDependency */,
			);
			name = SensiboTests;
			packageProductDependencies = (
			);
			productName = SensiboTests;
			productReference = CD911F106829226C96E00717 /* SensiboTests.xctest */;
			productType = "com.apple.product-type.bundle.unit-test";
		};
		E34BAB9C6E3051B15C587F2C /* BedroomOneWidgetExtension */ = {
			isa = PBXNativeTarget;
			buildConfigurationList = 2A55C8374EBEF092FDB37297 /* Build configuration list for PBXNativeTarget "BedroomOneWidgetExtension" */;
			buildPhases = (
				26AAAB62FEA5CA6DB8D104B3 /* Sources */,
				336DF0A0BE788DD50A459AA5 /* Resources */,
			);
			buildRules = (
			);
			dependencies = (
			);
			name = BedroomOneWidgetExtension;
			packageProductDependencies = (
			);
			productName = BedroomOneWidgetExtension;
			productReference = 7BC60115427DB1C1100D9F4B /* BedroomOneWidgetExtension.appex */;
			productType = "com.apple.product-type.app-extension";
		};
/* End PBXNativeTarget section */

/* Begin PBXProject section */
		1811F3BB5426B480EC7FC94F /* Project object */ = {
			isa = PBXProject;
			attributes = {
				BuildIndependentTargetsInParallel = YES;
				LastUpgradeCheck = 1430;
				TargetAttributes = {
					1BE1C9AF2B7B6BE21858FA55 = {
						DevelopmentTeam = "";
					};
					5694A0B5900EBD5D30667DB1 = {
						DevelopmentTeam = "";
						TestTargetID = 1BE1C9AF2B7B6BE21858FA55;
					};
					908623A0CF922B5B642A9BC5 = {
						DevelopmentTeam = "";
					};
					BDAC8E4C3AAF1F4BF57CA234 = {
						DevelopmentTeam = "";
					};
					E34BAB9C6E3051B15C587F2C = {
						DevelopmentTeam = "";
					};
				};
			};
			buildConfigurationList = C250A8CA7B0C2C4163DF7044 /* Build configuration list for PBXProject "SensiboToggle" */;
			developmentRegion = en;
			hasScannedForEncodings = 0;
			knownRegions = (
				Base,
				en,
			);
			mainGroup = B3922BCE1C16AECFCD7B0B89;
			minimizedProjectReferenceProxies = 1;
			preferredProjectObjectVersion = 77;
			productRefGroup = C641ACB6F68A0B08E7F40B94 /* Products */;
			projectDirPath = "";
			projectRoot = "";
			targets = (
				1BE1C9AF2B7B6BE21858FA55 /* SensiboToggle */,
				908623A0CF922B5B642A9BC5 /* SensiboToggleMenuBar */,
				E34BAB9C6E3051B15C587F2C /* BedroomOneWidgetExtension */,
				BDAC8E4C3AAF1F4BF57CA234 /* SensiboTests */,
				5694A0B5900EBD5D30667DB1 /* SensiboUITests */,
			);
		};
/* End PBXProject section */

/* Begin PBXResourcesBuildPhase section */
		256744338094B22C6275048B /* Resources */ = {
			isa = PBXResourcesBuildPhase;
			buildActionMask = 2147483647;
			files = (
				FB6076983D710A1840E9C4C3 /* local.config.json in Resources */,
			);
			runOnlyForDeploymentPostprocessing = 0;
		};
		336DF0A0BE788DD50A459AA5 /* Resources */ = {
			isa = PBXResourcesBuildPhase;
			buildActionMask = 2147483647;
			files = (
				A73F81BE3E9639AD65980645 /* local.config.json in Resources */,
			);
			runOnlyForDeploymentPostprocessing = 0;
		};
		989D6F2F7F7F0CFAC0A38F95 /* Resources */ = {
			isa = PBXResourcesBuildPhase;
			buildActionMask = 2147483647;
			files = (
				A4143D525F12E4085814CD63 /* Assets.xcassets in Resources */,
				D14E43BB936D85247A26794B /* local.config.json in Resources */,
			);
			runOnlyForDeploymentPostprocessing = 0;
		};
		E13332196275F8606F97973B /* Resources */ = {
			isa = PBXResourcesBuildPhase;
			buildActionMask = 2147483647;
			files = (
				D7E8532EC437FBBC6153DA21 /* local.config.json in Resources */,
			);
			runOnlyForDeploymentPostprocessing = 0;
		};
/* End PBXResourcesBuildPhase section */

/* Begin PBXSourcesBuildPhase section */
		26AAAB62FEA5CA6DB8D104B3 /* Sources */ = {
			isa = PBXSourcesBuildPhase;
			buildActionMask = 2147483647;
			files = (
				354F88D9B0AE28DBFB9536E2 /* BedroomOneWidget.swift in Sources */,
				914739C4B0953FD2AE3DAF2E /* BedroomOneWidgetSupport.swift in Sources */,
			);
			runOnlyForDeploymentPostprocessing = 0;
		};
		494BF0ED44D95F623051492D /* Sources */ = {
			isa = PBXSourcesBuildPhase;
			buildActionMask = 2147483647;
			files = (
				62D7E8E962D8F1E3C75E1070 /* SensiboUITests.swift in Sources */,
			);
			runOnlyForDeploymentPostprocessing = 0;
		};
		5A811CAA8146A38FCBE0FA9B /* Sources */ = {
			isa = PBXSourcesBuildPhase;
			buildActionMask = 2147483647;
			files = (
				062C915AA5C257999580BC6C /* ACController.swift in Sources */,
				CFCCB89FA98766D44E03C264 /* Config.swift in Sources */,
				23C076E68AFAE75D886DBC16 /* MockSensiboClient.swift in Sources */,
				0A3F807C07C167B2B39E3761 /* Models.swift in Sources */,
				7A1C16428B5D66B2EBB573C7 /* SensiboClient.swift in Sources */,
				C1A1BEFE607E4E382F464477 /* SensiboMenuBarApp.swift in Sources */,
				54825B491EE10F9E2F6587D8 /* SensiboMenuBarView.swift in Sources */,
			);
			runOnlyForDeploymentPostprocessing = 0;
		};
		72156AC3E474A9D9F5AC909B /* Sources */ = {
			isa = PBXSourcesBuildPhase;
			buildActionMask = 2147483647;
			files = (
				272506CB26BDD2572ED9A9DC /* BackoffPolicyTests.swift in Sources */,
				F18A0865AEEC544480FED73C /* ControllerTests.swift in Sources */,
				113BD7F9DA76D2E2B54A1F2C /* ModelAndConfigTests.swift in Sources */,
				5E52D422621BCB1475CC8A6D /* SensiboIntegrationTests.swift in Sources */,
				07584D23712637F83C23A947 /* TapoControllerTests.swift in Sources */,
				7DA00822695C9AA0FA9079EF /* TapoCryptoTests.swift in Sources */,
				41C50A4F7F037D83894BA68C /* TapoLiveIntegrationTests.swift in Sources */,
			);
			runOnlyForDeploymentPostprocessing = 0;
		};
		F0DF43B3B53814A5AE07D7C5 /* Sources */ = {
			isa = PBXSourcesBuildPhase;
			buildActionMask = 2147483647;
			files = (
				26E2C1188AAB46B9081B8AF3 /* ACController.swift in Sources */,
				F731943950D8E9CF1A2A4595 /* BedroomOneWidgetSupport.swift in Sources */,
				EFB86685ADB6E43E01AD6DED /* Config.swift in Sources */,
				D02E795226EBBA971569B8D9 /* ContentView.swift in Sources */,
				F6F1231613BA76FB2026B41A /* MockSensiboClient.swift in Sources */,
				B20CEB3843EC07E3F1CAE8D4 /* Models.swift in Sources */,
				8D16B8E4696737AC350CAD65 /* SensiboClient.swift in Sources */,
				EF01BA3CB9F0AC95610879A0 /* SensiboToggleApp.swift in Sources */,
				46CCBBC88FB10D23ECD92CB0 /* TapoClient.swift in Sources */,
				7ACBA74B7990109852732E80 /* TapoController.swift in Sources */,
				95D76C2372C5E67605CA1923 /* TapoCrypto.swift in Sources */,
			);
			runOnlyForDeploymentPostprocessing = 0;
		};
/* End PBXSourcesBuildPhase section */

/* Begin PBXTargetDependency section */
		60EB7217465D9B9D2E6D0E3E /* PBXTargetDependency */ = {
			isa = PBXTargetDependency;
			target = 1BE1C9AF2B7B6BE21858FA55 /* SensiboToggle */;
			targetProxy = D6E07172C1D5B775202D1BD0 /* PBXContainerItemProxy */;
		};
		AA97940D69353140A8DF4976 /* PBXTargetDependency */ = {
			isa = PBXTargetDependency;
			target = 1BE1C9AF2B7B6BE21858FA55 /* SensiboToggle */;
			targetProxy = 48637E7C3C081F945AB8EC04 /* PBXContainerItemProxy */;
		};
		CE90250CCF467F954EAC7B56 /* PBXTargetDependency */ = {
			isa = PBXTargetDependency;
			target = E34BAB9C6E3051B15C587F2C /* BedroomOneWidgetExtension */;
			targetProxy = 3B8863821996ECC3B14196C1 /* PBXContainerItemProxy */;
		};
/* End PBXTargetDependency section */

/* Begin XCBuildConfiguration section */
		09B9320BA534DACC78954224 /* Release */ = {
			isa = XCBuildConfiguration;
			buildSettings = {
				BUNDLE_LOADER = "$(TEST_HOST)";
				LD_RUNPATH_SEARCH_PATHS = (
					"$(inherited)",
					"@executable_path/Frameworks",
					"@loader_path/Frameworks",
				);
				PRODUCT_BUNDLE_IDENTIFIER = com.a.SensiboTests;
				SDKROOT = iphoneos;
				TARGETED_DEVICE_FAMILY = "1,2";
				TEST_HOST = "$(BUILT_PRODUCTS_DIR)/SensiboToggle.app/SensiboToggle";
			};
			name = Release;
		};
		292EC2A5A54ED87777D68A8A /* Debug */ = {
			isa = XCBuildConfiguration;
			buildSettings = {
				ASSETCATALOG_COMPILER_APPICON_NAME = AppIcon;
				CODE_SIGN_IDENTITY = "iPhone Developer";
				GENERATE_INFOPLIST_FILE = NO;
				INFOPLIST_FILE = Sources/Info.plist;
				LD_RUNPATH_SEARCH_PATHS = (
					"$(inherited)",
					"@executable_path/Frameworks",
				);
				PRODUCT_BUNDLE_IDENTIFIER = com.a.SensiboToggle;
				SDKROOT = iphoneos;
				TARGETED_DEVICE_FAMILY = "1,2";
			};
			name = Debug;
		};
		35279678B366D7EF8DC1CF4C /* Release */ = {
			isa = XCBuildConfiguration;
			buildSettings = {
				ASSETCATALOG_COMPILER_APPICON_NAME = AppIcon;
				COMBINE_HIDPI_IMAGES = YES;
				GENERATE_INFOPLIST_FILE = NO;
				INFOPLIST_FILE = MenuBar/Info.plist;
				LD_RUNPATH_SEARCH_PATHS = (
					"$(inherited)",
					"@executable_path/../Frameworks",
				);
				PRODUCT_BUNDLE_IDENTIFIER = com.a.SensiboToggle.MenuBar;
				PRODUCT_NAME = SensiboMenuBar;
				SDKROOT = macosx;
			};
			name = Release;
		};
		482908A8594842E3F2FA37E7 /* Debug */ = {
			isa = XCBuildConfiguration;
			buildSettings = {
				APPLICATION_EXTENSION_API_ONLY = YES;
				GENERATE_INFOPLIST_FILE = NO;
				INFOPLIST_FILE = BedroomOneWidget/Info.plist;
				LD_RUNPATH_SEARCH_PATHS = (
					"$(inherited)",
					"@executable_path/Frameworks",
					"@executable_path/../../Frameworks",
				);
				PRODUCT_BUNDLE_IDENTIFIER = com.a.SensiboToggle.BedroomOneWidget;
				SDKROOT = iphoneos;
				SKIP_INSTALL = YES;
				SWIFT_VERSION = 5.0;
				TARGETED_DEVICE_FAMILY = "1,2";
			};
			name = Debug;
		};
		4C69CA7149C74157F71E120A /* Debug */ = {
			isa = XCBuildConfiguration;
			buildSettings = {
				ALWAYS_SEARCH_USER_PATHS = NO;
				CLANG_ANALYZER_NONNULL = YES;
				CLANG_ANALYZER_NUMBER_OBJECT_CONVERSION = YES_AGGRESSIVE;
				CLANG_CXX_LANGUAGE_STANDARD = "gnu++14";
				CLANG_CXX_LIBRARY = "libc++";
				CLANG_ENABLE_MODULES = YES;
				CLANG_ENABLE_OBJC_ARC = YES;
				CLANG_ENABLE_OBJC_WEAK = YES;
				CLANG_WARN_BLOCK_CAPTURE_AUTORELEASING = YES;
				CLANG_WARN_BOOL_CONVERSION = YES;
				CLANG_WARN_COMMA = YES;
				CLANG_WARN_CONSTANT_CONVERSION = YES;
				CLANG_WARN_DEPRECATED_OBJC_IMPLEMENTATIONS = YES;
				CLANG_WARN_DIRECT_OBJC_ISA_USAGE = YES_ERROR;
				CLANG_WARN_DOCUMENTATION_COMMENTS = YES;
				CLANG_WARN_EMPTY_BODY = YES;
				CLANG_WARN_ENUM_CONVERSION = YES;
				CLANG_WARN_INFINITE_RECURSION = YES;
				CLANG_WARN_INT_CONVERSION = YES;
				CLANG_WARN_NON_LITERAL_NULL_CONVERSION = YES;
				CLANG_WARN_OBJC_IMPLICIT_RETAIN_SELF = YES;
				CLANG_WARN_OBJC_LITERAL_CONVERSION = YES;
				CLANG_WARN_OBJC_ROOT_CLASS = YES_ERROR;
				CLANG_WARN_QUOTED_INCLUDE_IN_FRAMEWORK_HEADER = YES;
				CLANG_WARN_RANGE_LOOP_ANALYSIS = YES;
				CLANG_WARN_STRICT_PROTOTYPES = YES;
				CLANG_WARN_SUSPICIOUS_MOVE = YES;
				CLANG_WARN_UNGUARDED_AVAILABILITY = YES_AGGRESSIVE;
				CLANG_WARN_UNREACHABLE_CODE = YES;
				CLANG_WARN__DUPLICATE_METHOD_MATCH = YES;
				CODE_SIGNING_ALLOWED = NO;
				COPY_PHASE_STRIP = NO;
				DEBUG_INFORMATION_FORMAT = dwarf;
				DEVELOPMENT_TEAM = "";
				ENABLE_STRICT_OBJC_MSGSEND = YES;
				ENABLE_TESTABILITY = YES;
				GCC_C_LANGUAGE_STANDARD = gnu11;
				GCC_DYNAMIC_NO_PIC = NO;
				GCC_NO_COMMON_BLOCKS = YES;
				GCC_OPTIMIZATION_LEVEL = 0;
				GCC_PREPROCESSOR_DEFINITIONS = (
					"$(inherited)",
					"DEBUG=1",
				);
				GCC_WARN_64_TO_32_BIT_CONVERSION = YES;
				GCC_WARN_ABOUT_RETURN_TYPE = YES_ERROR;
				GCC_WARN_UNDECLARED_SELECTOR = YES;
				GCC_WARN_UNINITIALIZED_AUTOS = YES_AGGRESSIVE;
				GCC_WARN_UNUSED_FUNCTION = YES;
				GCC_WARN_UNUSED_VARIABLE = YES;
				IPHONEOS_DEPLOYMENT_TARGET = 17.0;
				MACOSX_DEPLOYMENT_TARGET = 14.0;
				MTL_ENABLE_DEBUG_INFO = INCLUDE_SOURCE;
				MTL_FAST_MATH = YES;
				ONLY_ACTIVE_ARCH = YES;
				PRODUCT_NAME = "$(TARGET_NAME)";
				SWIFT_ACTIVE_COMPILATION_CONDITIONS = DEBUG;
				SWIFT_OPTIMIZATION_LEVEL = "-Onone";
				SWIFT_VERSION = 6.0;
			};
			name = Debug;
		};
		7CB975B249951091EE82D56B /* Debug */ = {
			isa = XCBuildConfiguration;
			buildSettings = {
				ASSETCATALOG_COMPILER_APPICON_NAME = AppIcon;
				COMBINE_HIDPI_IMAGES = YES;
				GENERATE_INFOPLIST_FILE = NO;
				INFOPLIST_FILE = MenuBar/Info.plist;
				LD_RUNPATH_SEARCH_PATHS = (
					"$(inherited)",
					"@executable_path/../Frameworks",
				);
				PRODUCT_BUNDLE_IDENTIFIER = com.a.SensiboToggle.MenuBar;
				PRODUCT_NAME = SensiboMenuBar;
				SDKROOT = macosx;
			};
			name = Debug;
		};
		A0F8F3AE6973827DCE48591F /* Release */ = {
			isa = XCBuildConfiguration;
			buildSettings = {
				APPLICATION_EXTENSION_API_ONLY = YES;
				GENERATE_INFOPLIST_FILE = NO;
				INFOPLIST_FILE = BedroomOneWidget/Info.plist;
				LD_RUNPATH_SEARCH_PATHS = (
					"$(inherited)",
					"@executable_path/Frameworks",
					"@executable_path/../../Frameworks",
				);
				PRODUCT_BUNDLE_IDENTIFIER = com.a.SensiboToggle.BedroomOneWidget;
				SDKROOT = iphoneos;
				SKIP_INSTALL = YES;
				SWIFT_VERSION = 5.0;
				TARGETED_DEVICE_FAMILY = "1,2";
			};
			name = Release;
		};
		BDCF599EB6E3F83CDF9164D4 /* Debug */ = {
			isa = XCBuildConfiguration;
			buildSettings = {
				BUNDLE_LOADER = "$(TEST_HOST)";
				LD_RUNPATH_SEARCH_PATHS = (
					"$(inherited)",
					"@executable_path/Frameworks",
					"@loader_path/Frameworks",
				);
				PRODUCT_BUNDLE_IDENTIFIER = com.a.SensiboUITests;
				SDKROOT = iphoneos;
				TARGETED_DEVICE_FAMILY = "1,2";
				TEST_TARGET_NAME = SensiboToggle;
			};
			name = Debug;
		};
		DA992FCBFF1F8B596D119415 /* Release */ = {
			isa = XCBuildConfiguration;
			buildSettings = {
				ASSETCATALOG_COMPILER_APPICON_NAME = AppIcon;
				CODE_SIGN_IDENTITY = "iPhone Developer";
				GENERATE_INFOPLIST_FILE = NO;
				INFOPLIST_FILE = Sources/Info.plist;
				LD_RUNPATH_SEARCH_PATHS = (
					"$(inherited)",
					"@executable_path/Frameworks",
				);
				PRODUCT_BUNDLE_IDENTIFIER = com.a.SensiboToggle;
				SDKROOT = iphoneos;
				TARGETED_DEVICE_FAMILY = "1,2";
			};
			name = Release;
		};
		E8503405B5E0B3D1AA68C212 /* Release */ = {
			isa = XCBuildConfiguration;
			buildSettings = {
				ALWAYS_SEARCH_USER_PATHS = NO;
				CLANG_ANALYZER_NONNULL = YES;
				CLANG_ANALYZER_NUMBER_OBJECT_CONVERSION = YES_AGGRESSIVE;
				CLANG_CXX_LANGUAGE_STANDARD = "gnu++14";
				CLANG_CXX_LIBRARY = "libc++";
				CLANG_ENABLE_MODULES = YES;
				CLANG_ENABLE_OBJC_ARC = YES;
				CLANG_ENABLE_OBJC_WEAK = YES;
				CLANG_WARN_BLOCK_CAPTURE_AUTORELEASING = YES;
				CLANG_WARN_BOOL_CONVERSION = YES;
				CLANG_WARN_COMMA = YES;
				CLANG_WARN_CONSTANT_CONVERSION = YES;
				CLANG_WARN_DEPRECATED_OBJC_IMPLEMENTATIONS = YES;
				CLANG_WARN_DIRECT_OBJC_ISA_USAGE = YES_ERROR;
				CLANG_WARN_DOCUMENTATION_COMMENTS = YES;
				CLANG_WARN_EMPTY_BODY = YES;
				CLANG_WARN_ENUM_CONVERSION = YES;
				CLANG_WARN_INFINITE_RECURSION = YES;
				CLANG_WARN_INT_CONVERSION = YES;
				CLANG_WARN_NON_LITERAL_NULL_CONVERSION = YES;
				CLANG_WARN_OBJC_IMPLICIT_RETAIN_SELF = YES;
				CLANG_WARN_OBJC_LITERAL_CONVERSION = YES;
				CLANG_WARN_OBJC_ROOT_CLASS = YES_ERROR;
				CLANG_WARN_QUOTED_INCLUDE_IN_FRAMEWORK_HEADER = YES;
				CLANG_WARN_RANGE_LOOP_ANALYSIS = YES;
				CLANG_WARN_STRICT_PROTOTYPES = YES;
				CLANG_WARN_SUSPICIOUS_MOVE = YES;
				CLANG_WARN_UNGUARDED_AVAILABILITY = YES_AGGRESSIVE;
				CLANG_WARN_UNREACHABLE_CODE = YES;
				CLANG_WARN__DUPLICATE_METHOD_MATCH = YES;
				CODE_SIGNING_ALLOWED = NO;
				COPY_PHASE_STRIP = NO;
				DEBUG_INFORMATION_FORMAT = "dwarf-with-dsym";
				DEVELOPMENT_TEAM = "";
				ENABLE_NS_ASSERTIONS = NO;
				ENABLE_STRICT_OBJC_MSGSEND = YES;
				ENABLE_TESTABILITY = YES;
				GCC_C_LANGUAGE_STANDARD = gnu11;
				GCC_NO_COMMON_BLOCKS = YES;
				GCC_WARN_64_TO_32_BIT_CONVERSION = YES;
				GCC_WARN_ABOUT_RETURN_TYPE = YES_ERROR;
				GCC_WARN_UNDECLARED_SELECTOR = YES;
				GCC_WARN_UNINITIALIZED_AUTOS = YES_AGGRESSIVE;
				GCC_WARN_UNUSED_FUNCTION = YES;
				GCC_WARN_UNUSED_VARIABLE = YES;
				IPHONEOS_DEPLOYMENT_TARGET = 17.0;
				MACOSX_DEPLOYMENT_TARGET = 14.0;
				MTL_ENABLE_DEBUG_INFO = NO;
				MTL_FAST_MATH = YES;
				PRODUCT_NAME = "$(TARGET_NAME)";
				SWIFT_COMPILATION_MODE = wholemodule;
				SWIFT_OPTIMIZATION_LEVEL = "-O";
				SWIFT_VERSION = 6.0;
			};
			name = Release;
		};
		F77B2F3FBBF0EB637B86004F /* Release */ = {
			isa = XCBuildConfiguration;
			buildSettings = {
				BUNDLE_LOADER = "$(TEST_HOST)";
				LD_RUNPATH_SEARCH_PATHS = (
					"$(inherited)",
					"@executable_path/Frameworks",
					"@loader_path/Frameworks",
				);
				PRODUCT_BUNDLE_IDENTIFIER = com.a.SensiboUITests;
				SDKROOT = iphoneos;
				TARGETED_DEVICE_FAMILY = "1,2";
				TEST_TARGET_NAME = SensiboToggle;
			};
			name = Release;
		};
		F94E3D7D7A6D0ABBEAEDE7A6 /* Debug */ = {
			isa = XCBuildConfiguration;
			buildSettings = {
				BUNDLE_LOADER = "$(TEST_HOST)";
				LD_RUNPATH_SEARCH_PATHS = (
					"$(inherited)",
					"@executable_path/Frameworks",
					"@loader_path/Frameworks",
				);
				PRODUCT_BUNDLE_IDENTIFIER = com.a.SensiboTests;
				SDKROOT = iphoneos;
				TARGETED_DEVICE_FAMILY = "1,2";
				TEST_HOST = "$(BUILT_PRODUCTS_DIR)/SensiboToggle.app/SensiboToggle";
			};
			name = Debug;
		};
/* End XCBuildConfiguration section */

/* Begin XCConfigurationList section */
		2A55C8374EBEF092FDB37297 /* Build configuration list for PBXNativeTarget "BedroomOneWidgetExtension" */ = {
			isa = XCConfigurationList;
			buildConfigurations = (
				482908A8594842E3F2FA37E7 /* Debug */,
				A0F8F3AE6973827DCE48591F /* Release */,
			);
			defaultConfigurationIsVisible = 0;
			defaultConfigurationName = Debug;
		};
		8FF43887A4293B2AC9618F0E /* Build configuration list for PBXNativeTarget "SensiboUITests" */ = {
			isa = XCConfigurationList;
			buildConfigurations = (
				BDCF599EB6E3F83CDF9164D4 /* Debug */,
				F77B2F3FBBF0EB637B86004F /* Release */,
			);
			defaultConfigurationIsVisible = 0;
			defaultConfigurationName = Debug;
		};
		A5CE46F4A60E1E790E033FA6 /* Build configuration list for PBXNativeTarget "SensiboToggleMenuBar" */ = {
			isa = XCConfigurationList;
			buildConfigurations = (
				7CB975B249951091EE82D56B /* Debug */,
				35279678B366D7EF8DC1CF4C /* Release */,
			);
			defaultConfigurationIsVisible = 0;
			defaultConfigurationName = Debug;
		};
		C250A8CA7B0C2C4163DF7044 /* Build configuration list for PBXProject "SensiboToggle" */ = {
			isa = XCConfigurationList;
			buildConfigurations = (
				4C69CA7149C74157F71E120A /* Debug */,
				E8503405B5E0B3D1AA68C212 /* Release */,
			);
			defaultConfigurationIsVisible = 0;
			defaultConfigurationName = Debug;
		};
		C887EBF1C7A114195092B3AD /* Build configuration list for PBXNativeTarget "SensiboToggle" */ = {
			isa = XCConfigurationList;
			buildConfigurations = (
				292EC2A5A54ED87777D68A8A /* Debug */,
				DA992FCBFF1F8B596D119415 /* Release */,
			);
			defaultConfigurationIsVisible = 0;
			defaultConfigurationName = Debug;
		};
		DE2DC286982D8A5C2E8AC876 /* Build configuration list for PBXNativeTarget "SensiboTests" */ = {
			isa = XCConfigurationList;
			buildConfigurations = (
				F94E3D7D7A6D0ABBEAEDE7A6 /* Debug */,
				09B9320BA534DACC78954224 /* Release */,
			);
			defaultConfigurationIsVisible = 0;
			defaultConfigurationName = Debug;
		};
/* End XCConfigurationList section */
	};
	rootObject = 1811F3BB5426B480EC7FC94F /* Project object */;
}
